// !$*UTF8*$!
{
	archiveVersion = 1;
	classes = {
	};
	objectVersion = 55;
	objects = {

/* Begin PBXBuildFile section */
		544682CF286F144A003E2A46 /* AppDelegate.swift in Sources */ = {isa = PBXBuildFile; fileRef = 544682CE286F144A003E2A46 /* AppDelegate.swift */; };
		544682D1286F144A003E2A46 /* SceneDelegate.swift in Sources */ = {isa = PBXBuildFile; fileRef = 544682D0286F144A003E2A46 /* SceneDelegate.swift */; };
		544682D3286F144A003E2A46 /* ViewController.swift in Sources */ = {isa = PBXBuildFile; fileRef = 544682D2286F144A003E2A46 /* ViewController.swift */; };
		544682D6286F144A003E2A46 /* Main.storyboard in Resources */ = {isa = PBXBuildFile; fileRef = 544682D4286F144A003E2A46 /* Main.storyboard */; };
		544682D9286F144A003E2A46 /* WorkCoreData.xcdatamodeld in Sources */ = {isa = PBXBuildFile; fileRef = 544682D7286F144A003E2A46 /* WorkCoreData.xcdatamodeld */; };
		544682DB286F144D003E2A46 /* Assets.xcassets in Resources */ = {isa = PBXBuildFile; fileRef = 544682DA286F144D003E2A46 /* Assets.xcassets */; };
		544682DE286F144D003E2A46 /* LaunchScreen.storyboard in Resources */ = {isa = PBXBuildFile; fileRef = 544682DC286F144D003E2A46 /* LaunchScreen.storyboard */; };
		544682EE286F63E0003E2A46 /* Family+CoreDataClass.swift in Sources */ = {isa = PBXBuildFile; fileRef = 544682EA286F63E0003E2A46 /* Family+CoreDataClass.swift */; };
		544682EF286F63E0003E2A46 /* Family+CoreDataProperties.swift in Sources */ = {isa = PBXBuildFile; fileRef = 544682EB286F63E0003E2A46 /* Family+CoreDataProperties.swift */; };
		544682F0286F63E0003E2A46 /* Person+CoreDataClass.swift in Sources */ = {isa = PBXBuildFile; fileRef = 544682EC286F63E0003E2A46 /* Person+CoreDataClass.swift */; };
		544682F1286F63E0003E2A46 /* Person+CoreDataProperties.swift in Sources */ = {isa = PBXBuildFile; fileRef = 544682ED286F63E0003E2A46 /* Person+CoreDataProperties.swift */; };
/* End PBXBuildFile section */

/* Begin PBXFileReference section */
		544682CB286F144A003E2A46 /* WorkCoreData.app */ = {isa = PBXFileReference; explicitFileType = wrapper.application; includeInIndex = 0; path = WorkCoreData.app; sourceTree = BUILT_PRODUCTS_DIR; };
		544682CE286F144A003E2A46 /* AppDelegate.swift */ = {isa = PBXFileReference; lastKnownFileType = sourcecode.swift; path = AppDelegate.swift; sourceTree = "<group>"; };
		544682D0286F144A003E2A46 /* SceneDelegate.swift */ = {isa = PBXFileReference; lastKnownFileType = sourcecode.swift; path = SceneDelegate.swift; sourceTree = "<group>"; };
		544682D2286F144A003E2A46 /* ViewController.swift */ = {isa = PBXFileReference; lastKnownFileType = sourcecode.swift; path = ViewController.swift; sourceTree = "<group>"; };
		544682D5286F144A003E2A46 /* Base */ = {isa = PBXFileReference; lastKnownFileType = file.storyboard; name = Base; path = Base.lproj/Main.storyboard; sourceTree = "<group>"; };
		544682D8286F144A003E2A46 /* WorkCoreData.xcdatamodel */ = {isa = PBXFileReference; lastKnownFileType = wrapper.xcdatamodel; path = WorkCoreData.xcdatamodel; sourceTree = "<group>"; };
		544682DA286F144D003E2A46 /* Assets.xcassets */ = {isa = PBXFileReference; lastKnownFileType = folder.assetcatalog; path = Assets.xcassets; sourceTree = "<group>"; };
		544682DD286F144D003E2A46 /* Base */ = {isa = PBXFileReference; lastKnownFileType = file.storyboard; name = Base; path = Base.lproj/LaunchScreen.storyboard; sourceTree = "<group>"; };
		544682DF286F144D003E2A46 /* Info.plist */ = {isa = PBXFileReference; lastKnownFileType = text.plist.xml; path = Info.plist; sourceTree = "<group>"; };
		544682EA286F63E0003E2A46 /* Family+CoreDataClass.swift */ = {isa = PBXFileReference; lastKnownFileType = sourcecode.swift; path = "Family+CoreDataClass.swift"; sourceTree = "<group>"; };
		544682EB286F63E0003E2A46 /* Family+CoreDataProperties.swift */ = {isa = PBXFileReference; lastKnownFileType = sourcecode.swift; path = "Family+CoreDataProperties.swift"; sourceTree = "<group>"; };
		544682EC286F63E0003E2A46 /* Person+CoreDataClass.swift */ = {isa = PBXFileReference; lastKnownFileType = sourcecode.swift; path = "Person+CoreDataClass.swift"; sourceTree = "<group>"; };
		544682ED286F63E0003E2A46 /* Person+CoreDataProperties.swift */ = {isa = PBXFileReference; lastKnownFileType = sourcecode.swift; path = "Person+CoreDataProperties.swift"; sourceTree = "<group>"; };
/* End PBXFileReference section */

/* Begin PBXFrameworksBuildPhase section */
		544682C8286F144A003E2A46 /* Frameworks */ = {
			isa = PBXFrameworksBuildPhase;
			buildActionMask = 2147483647;
			files = (
			);
			runOnlyForDeploymentPostprocessing = 0;
		};
/* End PBXFrameworksBuildPhase section */

/* Begin PBXGroup section */
		544682C2286F144A003E2A46 = {
			isa = PBXGroup;
			children = (
				544682CD286F144A003E2A46 /* WorkCoreData */,
				544682CC286F144A003E2A46 /* Products */,
			);
			sourceTree = "<group>";
		};
		544682CC286F144A003E2A46 /* Products */ = {
			isa = PBXGroup;
			children = (
				544682CB286F144A003E2A46 /* WorkCoreData.app */,
			);
			name = Products;
			sourceTree = "<group>";
		};
		544682CD286F144A003E2A46 /* WorkCoreData */ = {
			isa = PBXGroup;
			children = (
				544682E5286F1D04003E2A46 /* Model */,
				544682CE286F144A003E2A46 /* AppDelegate.swift */,
				544682D0286F144A003E2A46 /* SceneDelegate.swift */,
				544682D2286F144A003E2A46 /* ViewController.swift */,
				544682D4286F144A003E2A46 /* Main.storyboard */,
				544682DA286F144D003E2A46 /* Assets.xcassets */,
				544682DC286F144D003E2A46 /* LaunchScreen.storyboard */,
				544682DF286F144D003E2A46 /* Info.plist */,
				544682D7286F144A003E2A46 /* WorkCoreData.xcdatamodeld */,
			);
			path = WorkCoreData;
			sourceTree = "<group>";
		};
		544682E5286F1D04003E2A46 /* Model */ = {
			isa = PBXGroup;
			children = (
				544682EA286F63E0003E2A46 /* Family+CoreDataClass.swift */,
				544682EB286F63E0003E2A46 /* Family+CoreDataProperties.swift */,
				544682EC286F63E0003E2A46 /* Person+CoreDataClass.swift */,
				544682ED286F63E0003E2A46 /* Person+CoreDataProperties.swift */,
			);
			path = Model;
			sourceTree = "<group>";
		};
/* End PBXGroup section */

/* Begin PBXNativeTarget section */
		544682CA286F144A003E2A46 /* WorkCoreData */ = {
			isa = PBXNativeTarget;
			buildConfigurationList = 544682E2286F144D003E2A46 /* Build configuration list for PBXNativeTarget "WorkCoreData" */;
			buildPhases = (
				544682C7286F144A003E2A46 /* Sources */,
				544682C8286F144A003E2A46 /* Frameworks */,
				544682C9286F144A003E2A46 /* Resources */,
			);
			buildRules = (
			);
			dependencies = (
			);
			name = WorkCoreData;
			productName = WorkCoreData;
			productReference = 544682CB286F144A003E2A46 /* WorkCoreData.app */;
			productType = "com.apple.product-type.application";
		};
/* End PBXNativeTarget section */

/* Begin PBXProject section */
		544682C3286F144A003E2A46 /* Project object */ = {
			isa = PBXProject;
			attributes = {
				BuildIndependentTargetsInParallel = 1;
				LastSwiftUpdateCheck = 1330;
				LastUpgradeCheck = 1330;
				TargetAttributes = {
					544682CA286F144A003E2A46 = {
						CreatedOnToolsVersion = 13.3.1;
					};
				};
			};
			buildConfigurationList = 544682C6286F144A003E2A46 /* Build configuration list for PBXProject "WorkCoreData" */;
			compatibilityVersion = "Xcode 13.0";
			developmentRegion = en;
			hasScannedForEncodings = 0;
			knownRegions = (
				en,
				Base,
			);
			mainGroup = 544682C2286F144A003E2A46;
			productRefGroup = 544682CC286F144A003E2A46 /* Products */;
			projectDirPath = "";
			projectRoot = "";
			targets = (
				544682CA286F144A003E2A46 /* WorkCoreData */,
			);
		};
/* End PBXProject section */

/* Begin PBXResourcesBuildPhase section */
		544682C9286F144A003E2A46 /* Resources */ = {
			isa = PBXResourcesBuildPhase;
			buildActionMask = 2147483647;
			files = (
				544682DE286F144D003E2A46 /* LaunchScreen.storyboard in Resources */,
				544682DB286F144D003E2A46 /* Assets.xcassets in Resources */,
				544682D6286F144A003E2A46 /* Main.storyboard in Resources */,
			);
			runOnlyForDeploymentPostprocessing = 0;
		};
/* End PBXResourcesBuildPhase section */

/* Begin PBXSourcesBuildPhase section */
		544682C7286F144A003E2A46 /* Sources */ = {
			isa = PBXSourcesBuildPhase;
			buildActionMask = 2147483647;
			files = (
				544682D3286F144A003E2A46 /* ViewController.swift in Sources */,
				544682F0286F63E0003E2A46 /* Person+CoreDataClass.swift in Sources */,
				544682EE286F63E0003E2A46 /* Family+CoreDataClass.swift in Sources */,
				544682CF286F144A003E2A46 /* AppDelegate.swift in Sources */,
				544682F1286F63E0003E2A46 /* Person+CoreDataProperties.swift in Sources */,
				544682EF286F63E0003E2A46 /* Family+CoreDataProperties.swift in Sources */,
				544682D1286F144A003E2A46 /* SceneDelegate.swift in Sources */,
				544682D9286F144A003E2A46 /* WorkCoreData.xcdatamodeld in Sources */,
			);
			runOnlyForDeploymentPostprocessing = 0;
		};
/* End PBXSourcesBuildPhase section */

/* Begin PBXVariantGroup section */
		544682D4286F144A003E2A46 /* Main.storyboard */ = {
			isa = PBXVariantGroup;
			children = (
				544682D5286F144A003E2A46 /* Base */,
			);
			name = Main.storyboard;
			sourceTree = "<group>";
		};
		544682DC286F144D003E2A46 /* LaunchScreen.storyboard */ = {
			isa = PBXVariantGroup;
			children = (
				544682DD286F144D003E2A46 /* Base */,
			);
			name = LaunchScreen.storyboard;
			sourceTree = "<group>";
		};
/* End PBXVariantGroup section */

/* Begin XCBuildConfiguration section */
		544682E0286F144D003E2A46 /* Debug */ = {
			isa = XCBuildConfiguration;
			buildSettings = {
				ALWAYS_SEARCH_USER_PATHS = NO;
				CLANG_ANALYZER_NONNULL = YES;
				CLANG_ANALYZER_NUMBER_OBJECT_CONVERSION = YES_AGGRESSIVE;
				CLANG_CXX_LANGUAGE_STANDARD = "gnu++17";
				CLANG_ENABLE_MODULES = YES;
				CLANG_ENABLE_OBJC_ARC = YES;
				CLANG_ENABLE_OBJC_WEAK = YES;
				CLANG_WARN_BLOCK_CAPTURE_AUTORELEASING = YES;
				CLANG_WARN_BOOL_CONVERSION = YES;
				CLANG_WARN_COMMA = YES;
				CLANG_WARN_CONSTANT_CONVERSION = YES;
				CLANG_WARN_DEPRECATED_OBJC_IMPLEMENTATIONS = YES;
				CLANG_WARN_DIRECT_OBJC_ISA_USAGE = YES_ERROR;
				CLANG_WARN_DOCUMENTATION_COMMENTS = YES;
				CLANG_WARN_EMPTY_BODY = YES;
				CLANG_WARN_ENUM_CONVERSION = YES;
				CLANG_WARN_INFINITE_RECURSION = YES;
				CLANG_WARN_INT_CONVERSION = YES;
				CLANG_WARN_NON_LITERAL_NULL_CONVERSION = YES;
				CLANG_WARN_OBJC_IMPLICIT_RETAIN_SELF = YES;
				CLANG_WARN_OBJC_LITERAL_CONVERSION = YES;
				CLANG_WARN_OBJC_ROOT_CLASS = YES_ERROR;
				CLANG_WARN_QUOTED_INCLUDE_IN_FRAMEWORK_HEADER = YES;
				CLANG_WARN_RANGE_LOOP_ANALYSIS = YES;
				CLANG_WARN_STRICT_PROTOTYPES = YES;
				CLANG_WARN_SUSPICIOUS_MOVE = YES;
				CLANG_WARN_UNGUARDED_AVAILABILITY = YES_AGGRESSIVE;
				CLANG_WARN_UNREACHABLE_CODE = YES;
				CLANG_WARN__DUPLICATE_METHOD_MATCH = YES;
				COPY_PHASE_STRIP = NO;
				DEBUG_INFORMATION_FORMAT = dwarf;
				ENABLE_STRICT_OBJC_MSGSEND = YES;
				ENABLE_TESTABILITY = YES;
				GCC_C_LANGUAGE_STANDARD = gnu11;
				GCC_DYNAMIC_NO_PIC = NO;
				GCC_NO_COMMON_BLOCKS = YES;
				GCC_OPTIMIZATION_LEVEL = 0;
				GCC_PREPROCESSOR_DEFINITIONS = (
					"DEBUG=1",
					"$(inherited)",
				);
				GCC_WARN_64_TO_32_BIT_CONVERSION = YES;
				GCC_WARN_ABOUT_RETURN_TYPE = YES_ERROR;
				GCC_WARN_UNDECLARED_SELECTOR = YES;
				GCC_WARN_UNINITIALIZED_AUTOS = YES_AGGRESSIVE;
				GCC_WARN_UNUSED_FUNCTION = YES;
				GCC_WARN_UNUSED_VARIABLE = YES;
				IPHONEOS_DEPLOYMENT_TARGET = 15.4;
				MTL_ENABLE_DEBUG_INFO = INCLUDE_SOURCE;
				MTL_FAST_MATH = YES;
				ONLY_ACTIVE_ARCH = YES;
				SDKROOT = iphoneos;
				SWIFT_ACTIVE_COMPILATION_CONDITIONS = DEBUG;
				SWIFT_OPTIMIZATION_LEVEL = "-Onone";
			};
			name = Debug;
		};
		544682E1286F144D003E2A46 /* Release */ = {
			isa = XCBuildConfiguration;
			buildSettings = {
				ALWAYS_SEARCH_USER_PATHS = NO;
				CLANG_ANALYZER_NONNULL = YES;
				CLANG_ANALYZER_NUMBER_OBJECT_CONVERSION = YES_AGGRESSIVE;
				CLANG_CXX_LANGUAGE_STANDARD = "gnu++17";
				CLANG_ENABLE_MODULES = YES;
				CLANG_ENABLE_OBJC_ARC = YES;
				CLANG_ENABLE_OBJC_WEAK = YES;
				CLANG_WARN_BLOCK_CAPTURE_AUTORELEASING = YES;
				CLANG_WARN_BOOL_CONVERSION = YES;
				CLANG_WARN_COMMA = YES;
				CLANG_WARN_CONSTANT_CONVERSION = YES;
				CLANG_WARN_DEPRECATED_OBJC_IMPLEMENTATIONS = YES;
				CLANG_WARN_DIRECT_OBJC_ISA_USAGE = YES_ERROR;
				CLANG_WARN_DOCUMENTATION_COMMENTS = YES;
				CLANG_WARN_EMPTY_BODY = YES;
				CLANG_WARN_ENUM_CONVERSION = YES;
				CLANG_WARN_INFINITE_RECURSION = YES;
				CLANG_WARN_INT_CONVERSION = YES;
				CLANG_WARN_NON_LITERAL_NULL_CONVERSION = YES;
				CLANG_WARN_OBJC_IMPLICIT_RETAIN_SELF = YES;
				CLANG_WARN_OBJC_LITERAL_CONVERSION = YES;
				CLANG_WARN_OBJC_ROOT_CLASS = YES_ERROR;
				CLANG_WARN_QUOTED_INCLUDE_IN_FRAMEWORK_HEADER = YES;
				CLANG_WARN_RANGE_LOOP_ANALYSIS = YES;
				CLANG_WARN_STRICT_PROTOTYPES = YES;
				CLANG_WARN_SUSPICIOUS_MOVE = YES;
				CLANG_WARN_UNGUARDED_AVAILABILITY = YES_AGGRESSIVE;
				CLANG_WARN_UNREACHABLE_CODE = YES;
				CLANG_WARN__DUPLICATE_METHOD_MATCH = YES;
				COPY_PHASE_STRIP = NO;
				DEBUG_INFORMATION_FORMAT = "dwarf-with-dsym";
				ENABLE_NS_ASSERTIONS = NO;
				ENABLE_STRICT_OBJC_MSGSEND = YES;
				GCC_C_LANGUAGE_STANDARD = gnu11;
				GCC_NO_COMMON_BLOCKS = YES;
				GCC_WARN_64_TO_32_BIT_CONVERSION = YES;
				GCC_WARN_ABOUT_RETURN_TYPE = YES_ERROR;
				GCC_WARN_UNDECLARED_SELECTOR = YES;
				GCC_WARN_UNINITIALIZED_AUTOS = YES_AGGRESSIVE;
				GCC_WARN_UNUSED_FUNCTION = YES;
				GCC_WARN_UNUSED_VARIABLE = YES;
				IPHONEOS_DEPLOYMENT_TARGET = 15.4;
				MTL_ENABLE_DEBUG_INFO = NO;
				MTL_FAST_MATH = YES;
				SDKROOT = iphoneos;
				SWIFT_COMPILATION_MODE = wholemodule;
				SWIFT_OPTIMIZATION_LEVEL = "-O";
				VALIDATE_PRODUCT = YES;
			};
			name = Release;
		};
		544682E3286F144D003E2A46 /* Debug */ = {
			isa = XCBuildConfiguration;
			buildSettings = {
				ASSETCATALOG_COMPILER_APPICON_NAME = AppIcon;
				ASSETCATALOG_COMPILER_GLOBAL_ACCENT_COLOR_NAME = AccentColor;
				CODE_SIGN_STYLE = Automatic;
				CURRENT_PROJECT_VERSION = 1;
				DEVELOPMENT_TEAM = WJT22M2F7F;
				GENERATE_INFOPLIST_FILE = YES;
				INFOPLIST_FILE = WorkCoreData/Info.plist;
				INFOPLIST_KEY_UIApplicationSupportsIndirectInputEvents = YES;
				INFOPLIST_KEY_UILaunchStoryboardName = LaunchScreen;
				INFOPLIST_KEY_UIMainStoryboardFile = Main;
				INFOPLIST_KEY_UISupportedInterfaceOrientations_iPad = "UIInterfaceOrientationPortrait UIInterfaceOrientationPortraitUpsideDown UIInterfaceOrientationLandscapeLeft UIInterfaceOrientationLandscapeRight";
				INFOPLIST_KEY_UISupportedInterfaceOrientations_iPhone = "UIInterfaceOrientationPortrait UIInterfaceOrientationLandscapeLeft UIInterfaceOrientationLandscapeRight";
				LD_RUNPATH_SEARCH_PATHS = (
					"$(inherited)",
					"@executable_path/Frameworks",
				);
				MARKETING_VERSION = 1.0;
				PRODUCT_BUNDLE_IDENTIFIER = "burak-akcan.WorkCoreData";
				PRODUCT_NAME = "$(TARGET_NAME)";
				SWIFT_EMIT_LOC_STRINGS = YES;
				SWIFT_VERSION = 5.0;
				TARGETED_DEVICE_FAMILY = "1,2";
			};
			name = Debug;
		};
		544682E4286F144D003E2A46 /* Release */ = {
			isa = XCBuildConfiguration;
			buildSettings = {
				ASSETCATALOG_COMPILER_APPICON_NAME = AppIcon;
				ASSETCATALOG_COMPILER_GLOBAL_ACCENT_COLOR_NAME = AccentColor;
				CODE_SIGN_STYLE = Automatic;
				CURRENT_PROJECT_VERSION = 1;
				DEVELOPMENT_TEAM = WJT22M2F7F;
				GENERATE_INFOPLIST_FILE = YES;
				INFOPLIST_FILE = WorkCoreData/Info.plist;
				INFOPLIST_KEY_UIApplicationSupportsIndirectInputEvents = YES;
				INFOPLIST_KEY_UILaunchStoryboardName = LaunchScreen;
				INFOPLIST_KEY_UIMainStoryboardFile = Main;
				INFOPLIST_KEY_UISupportedInterfaceOrientations_iPad = "UIInterfaceOrientationPortrait UIInterfaceOrientationPortraitUpsideDown UIInterfaceOrientationLandscapeLeft UIInterfaceOrientationLandscapeRight";
				INFOPLIST_KEY_UISupportedInterfaceOrientations_iPhone = "UIInterfaceOrientationPortrait UIInterfaceOrientationLandscapeLeft UIInterfaceOrientationLandscapeRight";
				LD_RUNPATH_SEARCH_PATHS = (
					"$(inherited)",
					"@executable_path/Frameworks",
				);
				MARKETING_VERSION = 1.0;
				PRODUCT_BUNDLE_IDENTIFIER = "burak-akcan.WorkCoreData";
				PRODUCT_NAME = "$(TARGET_NAME)";
				SWIFT_EMIT_LOC_STRINGS = YES;
				SWIFT_VERSION = 5.0;
				TARGETED_DEVICE_FAMILY = "1,2";
			};
			name = Release;
		};
/* End XCBuildConfiguration section */

/* Begin XCConfigurationList section */
		544682C6286F144A003E2A46 /* Build configuration list for PBXProject "WorkCoreData" */ = {
			isa = XCConfigurationList;
			buildConfigurations = (
				544682E0286F144D003E2A46 /* Debug */,
				544682E1286F144D003E2A46 /* Release */,
			);
			defaultConfigurationIsVisible = 0;
			defaultConfigurationName = Release;
		};
		544682E2286F144D003E2A46 /* Build configuration list for PBXNativeTarget "WorkCoreData" */ = {
			isa = XCConfigurationList;
			buildConfigurations = (
				544682E3286F144D003E2A46 /* Debug */,
				544682E4286F144D003E2A46 /* Release */,
			);
			defaultConfigurationIsVisible = 0;
			defaultConfigurationName = Release;
		};
/* End XCConfigurationList section */

/* Begin XCVersionGroup section */
		544682D7286F144A003E2A46 /* WorkCoreData.xcdatamodeld */ = {
			isa = XCVersionGroup;
			children = (
				544682D8286F144A003E2A46 /* WorkCoreData.xcdatamodel */,
			);
			currentVersion = 544682D8286F144A003E2A46 /* WorkCoreData.xcdatamodel */;
			path = WorkCoreData.xcdatamodeld;
			sourceTree = "<group>";
			versionGroupType = wrapper.xcdatamodel;
		};
/* End XCVersionGroup section */
	};
	rootObject = 544682C3286F144A003E2A46 /* Project object */;
}
